
Microsoft Visual Studio Solution File, Format Version 12.00
# Visual Studio 15
VisualStudioVersion = 15.0.27703.2026
MinimumVisualStudioVersion = 10.0.40219.1
Project("{FAE04EC0-301F-11D3-BF4B-00C04F79EFBC}") = "ConstellationMyBrain", "ConstellationMyBrain.csproj", "{D3FBE1A3-AF57-4775-8A78-F788D1B4DEFA}"
EndProject
Global
	GlobalSection(SolutionConfigurationPlatforms) = preSolution
		Debug|Any CPU = Debug|Any CPU
		Release|Any CPU = Release|Any CPU
	EndGlobalSection
	GlobalSection(ProjectConfigurationPlatforms) = postSolution
		{D3FBE1A3-AF57-4775-8A78-F788D1B4DEFA}.Debug|Any CPU.ActiveCfg = Debug|Any CPU
		{D3FBE1A3-AF57-4775-8A78-F788D1B4DEFA}.Debug|Any CPU.Build.0 = Debug|Any CPU
		{D3FBE1A3-AF57-4775-8A78-F788D1B4DEFA}.Release|Any CPU.ActiveCfg = Release|Any CPU
		{D3FBE1A3-AF57-4775-8A78-F788D1B4DEFA}.Release|Any CPU.Build.0 = Release|Any CPU
	EndGlobalSection
	GlobalSection(SolutionProperties) = preSolution
		HideSolutionNode = FALSE
	EndGlobalSection
	GlobalSection(ExtensibilityGlobals) = postSolution
		SolutionGuid = {F6DAAEDB-3D0D-4829-8A6F-F98724BDD5B3}
	EndGlobalSection
EndGlobal
